// !$*UTF8*$!
{
	archiveVersion = 1;
	classes = {
	};
	objectVersion = 56;
	objects = {

/* Begin PBXBuildFile section */
		6710451D29BB9EA00094709F /* rec07.cpp in Sources */ = {isa = PBXBuildFile; fileRef = 6710451C29BB9EA00094709F /* rec07.cpp */; };
		6710452429BBA1B90094709F /* registrar.cpp in Sources */ = {isa = PBXBuildFile; fileRef = 6710452329BBA1B90094709F /* registrar.cpp */; };
		6710452629BBA4DF0094709F /* course.cpp in Sources */ = {isa = PBXBuildFile; fileRef = 6710452529BBA4DF0094709F /* course.cpp */; };
		6710452829BBA52D0094709F /* student.cpp in Sources */ = {isa = PBXBuildFile; fileRef = 6710452729BBA52D0094709F /* student.cpp */; };
/* End PBXBuildFile section */

/* Begin PBXCopyFilesBuildPhase section */
		6710451729BB9EA00094709F /* CopyFiles */ = {
			isa = PBXCopyFilesBuildPhase;
			buildActionMask = 2147483647;
			dstPath = /usr/share/man/man1/;
			dstSubfolderSpec = 0;
			files = (
			);
			runOnlyForDeploymentPostprocessing = 1;
		};
/* End PBXCopyFilesBuildPhase section */

/* Begin PBXFileReference section */
		6710451929BB9EA00094709F /* rec071 */ = {isa = PBXFileReference; explicitFileType = "compiled.mach-o.executable"; includeInIndex = 0; path = rec071; sourceTree = BUILT_PRODUCTS_DIR; };
		6710451C29BB9EA00094709F /* rec07.cpp */ = {isa = PBXFileReference; lastKnownFileType = sourcecode.cpp.cpp; path = rec07.cpp; sourceTree = "<group>"; };
		6710452329BBA1B90094709F /* registrar.cpp */ = {isa = PBXFileReference; lastKnownFileType = sourcecode.cpp.cpp; path = registrar.cpp; sourceTree = "<group>"; };
		6710452529BBA4DF0094709F /* course.cpp */ = {isa = PBXFileReference; lastKnownFileType = sourcecode.cpp.cpp; path = course.cpp; sourceTree = "<group>"; };
		6710452729BBA52D0094709F /* student.cpp */ = {isa = PBXFileReference; lastKnownFileType = sourcecode.cpp.cpp; path = student.cpp; sourceTree = "<group>"; };
		6710452929BBA5800094709F /* course.h */ = {isa = PBXFileReference; lastKnownFileType = sourcecode.c.h; path = course.h; sourceTree = "<group>"; };
		6710452A29BBA5CB0094709F /* student.h */ = {isa = PBXFileReference; lastKnownFileType = sourcecode.c.h; path = student.h; sourceTree = "<group>"; };
		6710452B29BBA6600094709F /* registrar.h */ = {isa = PBXFileReference; lastKnownFileType = sourcecode.c.h; path = registrar.h; sourceTree = "<group>"; };
/* End PBXFileReference section */

/* Begin PBXFrameworksBuildPhase section */
		6710451629BB9EA00094709F /* Frameworks */ = {
			isa = PBXFrameworksBuildPhase;
			buildActionMask = 2147483647;
			files = (
			);
			runOnlyForDeploymentPostprocessing = 0;
		};
/* End PBXFrameworksBuildPhase section */

/* Begin PBXGroup section */
		6710451029BB9EA00094709F = {
			isa = PBXGroup;
			children = (
				6710451B29BB9EA00094709F /* rec071 */,
				6710451A29BB9EA00094709F /* Products */,
			);
			sourceTree = "<group>";
		};
		6710451A29BB9EA00094709F /* Products */ = {
			isa = PBXGroup;
			children = (
				6710451929BB9EA00094709F /* rec071 */,
			);
			name = Products;
			sourceTree = "<group>";
		};
		6710451B29BB9EA00094709F /* rec071 */ = {
			isa = PBXGroup;
			children = (
				6710451C29BB9EA00094709F /* rec07.cpp */,
				6710452329BBA1B90094709F /* registrar.cpp */,
				6710452929BBA5800094709F /* course.h */,
				6710452529BBA4DF0094709F /* course.cpp */,
				6710452A29BBA5CB0094709F /* student.h */,
				6710452729BBA52D0094709F /* student.cpp */,
				6710452B29BBA6600094709F /* registrar.h */,
			);
			path = rec071;
			sourceTree = "<group>";
		};
/* End PBXGroup section */

/* Begin PBXNativeTarget section */
		6710451829BB9EA00094709F /* rec071 */ = {
			isa = PBXNativeTarget;
			buildConfigurationList = 6710452029BB9EA00094709F /* Build configuration list for PBXNativeTarget "rec071" */;
			buildPhases = (
				6710451529BB9EA00094709F /* Sources */,
				6710451629BB9EA00094709F /* Frameworks */,
				6710451729BB9EA00094709F /* CopyFiles */,
			);
			buildRules = (
			);
			dependencies = (
			);
			name = rec071;
			productName = rec071;
			productReference = 6710451929BB9EA00094709F /* rec071 */;
			productType = "com.apple.product-type.tool";
		};
/* End PBXNativeTarget section */

/* Begin PBXProject section */
		6710451129BB9EA00094709F /* Project object */ = {
			isa = PBXProject;
			attributes = {
				BuildIndependentTargetsInParallel = 1;
				LastUpgradeCheck = 1420;
				TargetAttributes = {
					6710451829BB9EA00094709F = {
						CreatedOnToolsVersion = 14.2;
					};
				};
			};
			buildConfigurationList = 6710451429BB9EA00094709F /* Build configuration list for PBXProject "rec071" */;
			compatibilityVersion = "Xcode 14.0";
			developmentRegion = en;
			hasScannedForEncodings = 0;
			knownRegions = (
				en,
				Base,
			);
			mainGroup = 6710451029BB9EA00094709F;
			productRefGroup = 6710451A29BB9EA00094709F /* Products */;
			projectDirPath = "";
			projectRoot = "";
			targets = (
				6710451829BB9EA00094709F /* rec071 */,
			);
		};
/* End PBXProject section */

/* Begin PBXSourcesBuildPhase section */
		6710451529BB9EA00094709F /* Sources */ = {
			isa = PBXSourcesBuildPhase;
			buildActionMask = 2147483647;
			files = (
				6710451D29BB9EA00094709F /* rec07.cpp in Sources */,
				6710452429BBA1B90094709F /* registrar.cpp in Sources */,
				6710452629BBA4DF0094709F /* course.cpp in Sources */,
				6710452829BBA52D0094709F /* student.cpp in Sources */,
			);
			runOnlyForDeploymentPostprocessing = 0;
		};
/* End PBXSourcesBuildPhase section */

/* Begin XCBuildConfiguration section */
		6710451E29BB9EA00094709F /* Debug */ = {
			isa = XCBuildConfiguration;
			buildSettings = {
				ALWAYS_SEARCH_USER_PATHS = NO;
				CLANG_ANALYZER_NONNULL = YES;
				CLANG_ANALYZER_NUMBER_OBJECT_CONVERSION = YES_AGGRESSIVE;
				CLANG_CXX_LANGUAGE_STANDARD = "gnu++20";
				CLANG_ENABLE_MODULES = YES;
				CLANG_ENABLE_OBJC_ARC = YES;
				CLANG_ENABLE_OBJC_WEAK = YES;
				CLANG_WARN_BLOCK_CAPTURE_AUTORELEASING = YES;
				CLANG_WARN_BOOL_CONVERSION = YES;
				CLANG_WARN_COMMA = YES;
				CLANG_WARN_CONSTANT_CONVERSION = YES;
				CLANG_WARN_DEPRECATED_OBJC_IMPLEMENTATIONS = YES;
				CLANG_WARN_DIRECT_OBJC_ISA_USAGE = YES_ERROR;
				CLANG_WARN_DOCUMENTATION_COMMENTS = YES;
				CLANG_WARN_EMPTY_BODY = YES;
				CLANG_WARN_ENUM_CONVERSION = YES;
				CLANG_WARN_INFINITE_RECURSION = YES;
				CLANG_WARN_INT_CONVERSION = YES;
				CLANG_WARN_NON_LITERAL_NULL_CONVERSION = YES;
				CLANG_WARN_OBJC_IMPLICIT_RETAIN_SELF = YES;
				CLANG_WARN_OBJC_LITERAL_CONVERSION = YES;
				CLANG_WARN_OBJC_ROOT_CLASS = YES_ERROR;
				CLANG_WARN_QUOTED_INCLUDE_IN_FRAMEWORK_HEADER = YES;
				CLANG_WARN_RANGE_LOOP_ANALYSIS = YES;
				CLANG_WARN_STRICT_PROTOTYPES = YES;
				CLANG_WARN_SUSPICIOUS_MOVE = YES;
				CLANG_WARN_UNGUARDED_AVAILABILITY = YES_AGGRESSIVE;
				CLANG_WARN_UNREACHABLE_CODE = YES;
				CLANG_WARN__DUPLICATE_METHOD_MATCH = YES;
				COPY_PHASE_STRIP = NO;
				DEBUG_INFORMATION_FORMAT = dwarf;
				ENABLE_STRICT_OBJC_MSGSEND = YES;
				ENABLE_TESTABILITY = YES;
				GCC_C_LANGUAGE_STANDARD = gnu11;
				GCC_DYNAMIC_NO_PIC = NO;
				GCC_NO_COMMON_BLOCKS = YES;
				GCC_OPTIMIZATION_LEVEL = 0;
				GCC_PREPROCESSOR_DEFINITIONS = (
					"DEBUG=1",
					"$(inherited)",
				);
				GCC_WARN_64_TO_32_BIT_CONVERSION = YES;
				GCC_WARN_ABOUT_RETURN_TYPE = YES_ERROR;
				GCC_WARN_UNDECLARED_SELECTOR = YES;
				GCC_WARN_UNINITIALIZED_AUTOS = YES_AGGRESSIVE;
				GCC_WARN_UNUSED_FUNCTION = YES;
				GCC_WARN_UNUSED_VARIABLE = YES;
				MACOSX_DEPLOYMENT_TARGET = 13.1;
				MTL_ENABLE_DEBUG_INFO = INCLUDE_SOURCE;
				MTL_FAST_MATH = YES;
				ONLY_ACTIVE_ARCH = YES;
				SDKROOT = macosx;
			};
			name = Debug;
		};
		6710451F29BB9EA00094709F /* Release */ = {
			isa = XCBuildConfiguration;
			buildSettings = {
				ALWAYS_SEARCH_USER_PATHS = NO;
				CLANG_ANALYZER_NONNULL = YES;
				CLANG_ANALYZER_NUMBER_OBJECT_CONVERSION = YES_AGGRESSIVE;
				CLANG_CXX_LANGUAGE_STANDARD = "gnu++20";
				CLANG_ENABLE_MODULES = YES;
				CLANG_ENABLE_OBJC_ARC = YES;
				CLANG_ENABLE_OBJC_WEAK = YES;
				CLANG_WARN_BLOCK_CAPTURE_AUTORELEASING = YES;
				CLANG_WARN_BOOL_CONVERSION = YES;
				CLANG_WARN_COMMA = YES;
				CLANG_WARN_CONSTANT_CONVERSION = YES;
				CLANG_WARN_DEPRECATED_OBJC_IMPLEMENTATIONS = YES;
				CLANG_WARN_DIRECT_OBJC_ISA_USAGE = YES_ERROR;
				CLANG_WARN_DOCUMENTATION_COMMENTS = YES;
				CLANG_WARN_EMPTY_BODY = YES;
				CLANG_WARN_ENUM_CONVERSION = YES;
				CLANG_WARN_INFINITE_RECURSION = YES;
				CLANG_WARN_INT_CONVERSION = YES;
				CLANG_WARN_NON_LITERAL_NULL_CONVERSION = YES;
				CLANG_WARN_OBJC_IMPLICIT_RETAIN_SELF = YES;
				CLANG_WARN_OBJC_LITERAL_CONVERSION = YES;
				CLANG_WARN_OBJC_ROOT_CLASS = YES_ERROR;
				CLANG_WARN_QUOTED_INCLUDE_IN_FRAMEWORK_HEADER = YES;
				CLANG_WARN_RANGE_LOOP_ANALYSIS = YES;
				CLANG_WARN_STRICT_PROTOTYPES = YES;
				CLANG_WARN_SUSPICIOUS_MOVE = YES;
				CLANG_WARN_UNGUARDED_AVAILABILITY = YES_AGGRESSIVE;
				CLANG_WARN_UNREACHABLE_CODE = YES;
				CLANG_WARN__DUPLICATE_METHOD_MATCH = YES;
				COPY_PHASE_STRIP = NO;
				DEBUG_INFORMATION_FORMAT = "dwarf-with-dsym";
				ENABLE_NS_ASSERTIONS = NO;
				ENABLE_STRICT_OBJC_MSGSEND = YES;
				GCC_C_LANGUAGE_STANDARD = gnu11;
				GCC_NO_COMMON_BLOCKS = YES;
				GCC_WARN_64_TO_32_BIT_CONVERSION = YES;
				GCC_WARN_ABOUT_RETURN_TYPE = YES_ERROR;
				GCC_WARN_UNDECLARED_SELECTOR = YES;
				GCC_WARN_UNINITIALIZED_AUTOS = YES_AGGRESSIVE;
				GCC_WARN_UNUSED_FUNCTION = YES;
				GCC_WARN_UNUSED_VARIABLE = YES;
				MACOSX_DEPLOYMENT_TARGET = 13.1;
				MTL_ENABLE_DEBUG_INFO = NO;
				MTL_FAST_MATH = YES;
				SDKROOT = macosx;
			};
			name = Release;
		};
		6710452129BB9EA00094709F /* Debug */ = {
			isa = XCBuildConfiguration;
			buildSettings = {
				CODE_SIGN_STYLE = Automatic;
				PRODUCT_NAME = "$(TARGET_NAME)";
			};
			name = Debug;
		};
		6710452229BB9EA00094709F /* Release */ = {
			isa = XCBuildConfiguration;
			buildSettings = {
				CODE_SIGN_STYLE = Automatic;
				PRODUCT_NAME = "$(TARGET_NAME)";
			};
			name = Release;
		};
/* End XCBuildConfiguration section */

/* Begin XCConfigurationList section */
		6710451429BB9EA00094709F /* Build configuration list for PBXProject "rec071" */ = {
			isa = XCConfigurationList;
			buildConfigurations = (
				6710451E29BB9EA00094709F /* Debug */,
				6710451F29BB9EA00094709F /* Release */,
			);
			defaultConfigurationIsVisible = 0;
			defaultConfigurationName = Release;
		};
		6710452029BB9EA00094709F /* Build configuration list for PBXNativeTarget "rec071" */ = {
			isa = XCConfigurationList;
			buildConfigurations = (
				6710452129BB9EA00094709F /* Debug */,
				6710452229BB9EA00094709F /* Release */,
			);
			defaultConfigurationIsVisible = 0;
			defaultConfigurationName = Release;
		};
/* End XCConfigurationList section */
	};
	rootObject = 6710451129BB9EA00094709F /* Project object */;
}
